{
  "name": "odysseus",
  "lockfileVersion": 3,
  "requires": true,
  "packages": {
    "": {
      "devDependencies": {
        "@antithesishq/bombadil": "^0.7.3"
      }
    },
    "node_modules/@antithesishq/bombadil": {
      "version": "0.7.3",
      "resolved": "https://registry.npmjs.org/@antithesishq/bombadil/-/bombadil-0.7.3.tgz",
      "integrity": "sha512-zanbBhb6/JZ74jeYB8ZpOJUraSM5nKINP38PVBOovT9dtkgVF4VzuFm8TfKKZnDbf9RvEo0CM4TzDO5piUSowA==",
      "dev": true,
      "license": "MIT",
      "bin": {
        "bombadil": "bin/bombadil.js"
      }
    }
  }
}
